// !$*UTF8*$!
{
	archiveVersion = 1;
	classes = {
	};
	objectVersion = 46;
	objects = {

/* Begin PBXBuildFile section */
		645440A21D58870E00E0A02D /* PhotoDisplayController.m in Sources */ = {isa = PBXBuildFile; fileRef = 6454409F1D58870E00E0A02D /* PhotoDisplayController.m */; };
		645440A31D58870E00E0A02D /* PhotoImageView.m in Sources */ = {isa = PBXBuildFile; fileRef = 645440A11D58870E00E0A02D /* PhotoImageView.m */; };
		64F444231CE1B424008D64DD /* main.m in Sources */ = {isa = PBXBuildFile; fileRef = 64F444221CE1B424008D64DD /* main.m */; };
		64F444261CE1B424008D64DD /* AppDelegate.m in Sources */ = {isa = PBXBuildFile; fileRef = 64F444251CE1B424008D64DD /* AppDelegate.m */; };
		64F444291CE1B424008D64DD /* ViewController.m in Sources */ = {isa = PBXBuildFile; fileRef = 64F444281CE1B424008D64DD /* ViewController.m */; };
		64F4442C1CE1B424008D64DD /* Main.storyboard in Resources */ = {isa = PBXBuildFile; fileRef = 64F4442A1CE1B424008D64DD /* Main.storyboard */; };
		64F4442E1CE1B424008D64DD /* Assets.xcassets in Resources */ = {isa = PBXBuildFile; fileRef = 64F4442D1CE1B424008D64DD /* Assets.xcassets */; };
		64F444311CE1B424008D64DD /* LaunchScreen.storyboard in Resources */ = {isa = PBXBuildFile; fileRef = 64F4442F1CE1B424008D64DD /* LaunchScreen.storyboard */; };
		64F4443C1CE1B424008D64DD /* PhotodisplayTests.m in Sources */ = {isa = PBXBuildFile; fileRef = 64F4443B1CE1B424008D64DD /* PhotodisplayTests.m */; };
		64F444471CE1B424008D64DD /* PhotodisplayUITests.m in Sources */ = {isa = PBXBuildFile; fileRef = 64F444461CE1B424008D64DD /* PhotodisplayUITests.m */; };
		64F444551CE1B444008D64DD /* test.plist in Resources */ = {isa = PBXBuildFile; fileRef = 64F444541CE1B444008D64DD /* test.plist */; };
		64F444581CE1B907008D64DD /* PhotoCell.m in Sources */ = {isa = PBXBuildFile; fileRef = 64F444571CE1B907008D64DD /* PhotoCell.m */; };
		64F4445B1CE1BD9F008D64DD /* PhotoModel.m in Sources */ = {isa = PBXBuildFile; fileRef = 64F4445A1CE1BD9F008D64DD /* PhotoModel.m */; };
		64F4445E1CE1C451008D64DD /* TakePicCell.m in Sources */ = {isa = PBXBuildFile; fileRef = 64F4445D1CE1C451008D64DD /* TakePicCell.m */; };
		64F444611CE1C46E008D64DD /* PhotoTextCell.m in Sources */ = {isa = PBXBuildFile; fileRef = 64F444601CE1C46E008D64DD /* PhotoTextCell.m */; };
		64F444841CE1EE92008D64DD /* MKAnnotationView+WebCache.m in Sources */ = {isa = PBXBuildFile; fileRef = 64F444641CE1EE92008D64DD /* MKAnnotationView+WebCache.m */; };
		64F444851CE1EE92008D64DD /* NSData+ImageContentType.m in Sources */ = {isa = PBXBuildFile; fileRef = 64F444661CE1EE92008D64DD /* NSData+ImageContentType.m */; };
		64F444861CE1EE92008D64DD /* SDImageCache.m in Sources */ = {isa = PBXBuildFile; fileRef = 64F444681CE1EE92008D64DD /* SDImageCache.m */; };
		64F444871CE1EE92008D64DD /* SDWebImageCompat.m in Sources */ = {isa = PBXBuildFile; fileRef = 64F4446A1CE1EE92008D64DD /* SDWebImageCompat.m */; };
		64F444881CE1EE92008D64DD /* SDWebImageDecoder.m in Sources */ = {isa = PBXBuildFile; fileRef = 64F4446C1CE1EE92008D64DD /* SDWebImageDecoder.m */; };
		64F444891CE1EE92008D64DD /* SDWebImageDownloader.m in Sources */ = {isa = PBXBuildFile; fileRef = 64F4446E1CE1EE92008D64DD /* SDWebImageDownloader.m */; };
		64F4448A1CE1EE92008D64DD /* SDWebImageDownloaderOperation.m in Sources */ = {isa = PBXBuildFile; fileRef = 64F444701CE1EE92008D64DD /* SDWebImageDownloaderOperation.m */; };
		64F4448B1CE1EE92008D64DD /* SDWebImageManager.m in Sources */ = {isa = PBXBuildFile; fileRef = 64F444721CE1EE92008D64DD /* SDWebImageManager.m */; };
		64F4448C1CE1EE92008D64DD /* SDWebImagePrefetcher.m in Sources */ = {isa = PBXBuildFile; fileRef = 64F444751CE1EE92008D64DD /* SDWebImagePrefetcher.m */; };
		64F4448D1CE1EE92008D64DD /* UIButton+WebCache.m in Sources */ = {isa = PBXBuildFile; fileRef = 64F444771CE1EE92008D64DD /* UIButton+WebCache.m */; };
		64F4448E1CE1EE92008D64DD /* UIImage+GIF.m in Sources */ = {isa = PBXBuildFile; fileRef = 64F444791CE1EE92008D64DD /* UIImage+GIF.m */; };
		64F4448F1CE1EE92008D64DD /* UIImage+MultiFormat.m in Sources */ = {isa = PBXBuildFile; fileRef = 64F4447B1CE1EE92008D64DD /* UIImage+MultiFormat.m */; };
		64F444901CE1EE92008D64DD /* UIImage+WebP.m in Sources */ = {isa = PBXBuildFile; fileRef = 64F4447D1CE1EE92008D64DD /* UIImage+WebP.m */; };
		64F444911CE1EE92008D64DD /* UIImageView+HighlightedWebCache.m in Sources */ = {isa = PBXBuildFile; fileRef = 64F4447F1CE1EE92008D64DD /* UIImageView+HighlightedWebCache.m */; };
		64F444921CE1EE92008D64DD /* UIImageView+WebCache.m in Sources */ = {isa = PBXBuildFile; fileRef = 64F444811CE1EE92008D64DD /* UIImageView+WebCache.m */; };
		64F444931CE1EE92008D64DD /* UIView+WebCacheOperation.m in Sources */ = {isa = PBXBuildFile; fileRef = 64F444831CE1EE92008D64DD /* UIView+WebCacheOperation.m */; };
		64F444951CE1EEF0008D64DD /* 1.jpg in Resources */ = {isa = PBXBuildFile; fileRef = 64F444941CE1EEF0008D64DD /* 1.jpg */; };
		64F444971CE207BC008D64DD /* ph_posted.png in Resources */ = {isa = PBXBuildFile; fileRef = 64F444961CE207BC008D64DD /* ph_posted.png */; };
/* End PBXBuildFile section */

/* Begin PBXContainerItemProxy section */
		64F444381CE1B424008D64DD /* PBXContainerItemProxy */ = {
			isa = PBXContainerItemProxy;
			containerPortal = 64F444161CE1B424008D64DD /* Project object */;
			proxyType = 1;
			remoteGlobalIDString = 64F4441D1CE1B424008D64DD;
			remoteInfo = Photodisplay;
		};
		64F444431CE1B424008D64DD /* PBXContainerItemProxy */ = {
			isa = PBXContainerItemProxy;
			containerPortal = 64F444161CE1B424008D64DD /* Project object */;
			proxyType = 1;
			remoteGlobalIDString = 64F4441D1CE1B424008D64DD;
			remoteInfo = Photodisplay;
		};
/* End PBXContainerItemProxy section */

/* Begin PBXFileReference section */
		6454409E1D58870E00E0A02D /* PhotoDisplayController.h */ = {isa = PBXFileReference; fileEncoding = 4; lastKnownFileType = sourcecode.c.h; path = PhotoDisplayController.h; sourceTree = "<group>"; };
		6454409F1D58870E00E0A02D /* PhotoDisplayController.m */ = {isa = PBXFileReference; fileEncoding = 4; lastKnownFileType = sourcecode.c.objc; path = PhotoDisplayController.m; sourceTree = "<group>"; };
		645440A01D58870E00E0A02D /* PhotoImageView.h */ = {isa = PBXFileReference; fileEncoding = 4; lastKnownFileType = sourcecode.c.h; path = PhotoImageView.h; sourceTree = "<group>"; };
		645440A11D58870E00E0A02D /* PhotoImageView.m */ = {isa = PBXFileReference; fileEncoding = 4; lastKnownFileType = sourcecode.c.objc; path = PhotoImageView.m; sourceTree = "<group>"; };
		64F4441E1CE1B424008D64DD /* Photodisplay.app */ = {isa = PBXFileReference; explicitFileType = wrapper.application; includeInIndex = 0; path = Photodisplay.app; sourceTree = BUILT_PRODUCTS_DIR; };
		64F444221CE1B424008D64DD /* main.m */ = {isa = PBXFileReference; lastKnownFileType = sourcecode.c.objc; path = main.m; sourceTree = "<group>"; };
		64F444241CE1B424008D64DD /* AppDelegate.h */ = {isa = PBXFileReference; lastKnownFileType = sourcecode.c.h; path = AppDelegate.h; sourceTree = "<group>"; };
		64F444251CE1B424008D64DD /* AppDelegate.m */ = {isa = PBXFileReference; lastKnownFileType = sourcecode.c.objc; path = AppDelegate.m; sourceTree = "<group>"; };
		64F444271CE1B424008D64DD /* ViewController.h */ = {isa = PBXFileReference; lastKnownFileType = sourcecode.c.h; path = ViewController.h; sourceTree = "<group>"; };
		64F444281CE1B424008D64DD /* ViewController.m */ = {isa = PBXFileReference; lastKnownFileType = sourcecode.c.objc; path = ViewController.m; sourceTree = "<group>"; };
		64F4442B1CE1B424008D64DD /* Base */ = {isa = PBXFileReference; lastKnownFileType = file.storyboard; name = Base; path = Base.lproj/Main.storyboard; sourceTree = "<group>"; };
		64F4442D1CE1B424008D64DD /* Assets.xcassets */ = {isa = PBXFileReference; lastKnownFileType = folder.assetcatalog; path = Assets.xcassets; sourceTree = "<group>"; };
		64F444301CE1B424008D64DD /* Base */ = {isa = PBXFileReference; lastKnownFileType = file.storyboard; name = Base; path = Base.lproj/LaunchScreen.storyboard; sourceTree = "<group>"; };
		64F444321CE1B424008D64DD /* Info.plist */ = {isa = PBXFileReference; lastKnownFileType = text.plist.xml; path = Info.plist; sourceTree = "<group>"; };
		64F444371CE1B424008D64DD /* PhotodisplayTests.xctest */ = {isa = PBXFileReference; explicitFileType = wrapper.cfbundle; includeInIndex = 0; path = PhotodisplayTests.xctest; sourceTree = BUILT_PRODUCTS_DIR; };
		64F4443B1CE1B424008D64DD /* PhotodisplayTests.m */ = {isa = PBXFileReference; lastKnownFileType = sourcecode.c.objc; path = PhotodisplayTests.m; sourceTree = "<group>"; };
		64F4443D1CE1B424008D64DD /* Info.plist */ = {isa = PBXFileReference; lastKnownFileType = text.plist.xml; path = Info.plist; sourceTree = "<group>"; };
		64F444421CE1B424008D64DD /* PhotodisplayUITests.xctest */ = {isa = PBXFileReference; explicitFileType = wrapper.cfbundle; includeInIndex = 0; path = PhotodisplayUITests.xctest; sourceTree = BUILT_PRODUCTS_DIR; };
		64F444461CE1B424008D64DD /* PhotodisplayUITests.m */ = {isa = PBXFileReference; lastKnownFileType = sourcecode.c.objc; path = PhotodisplayUITests.m; sourceTree = "<group>"; };
		64F444481CE1B424008D64DD /* Info.plist */ = {isa = PBXFileReference; lastKnownFileType = text.plist.xml; path = Info.plist; sourceTree = "<group>"; };
		64F444541CE1B444008D64DD /* test.plist */ = {isa = PBXFileReference; fileEncoding = 4; lastKnownFileType = text.plist.xml; path = test.plist; sourceTree = "<group>"; };
		64F444561CE1B907008D64DD /* PhotoCell.h */ = {isa = PBXFileReference; fileEncoding = 4; lastKnownFileType = sourcecode.c.h; path = PhotoCell.h; sourceTree = "<group>"; };
		64F444571CE1B907008D64DD /* PhotoCell.m */ = {isa = PBXFileReference; fileEncoding = 4; lastKnownFileType = sourcecode.c.objc; path = PhotoCell.m; sourceTree = "<group>"; };
		64F444591CE1BD9F008D64DD /* PhotoModel.h */ = {isa = PBXFileReference; fileEncoding = 4; lastKnownFileType = sourcecode.c.h; path = PhotoModel.h; sourceTree = "<group>"; };
		64F4445A1CE1BD9F008D64DD /* PhotoModel.m */ = {isa = PBXFileReference; fileEncoding = 4; lastKnownFileType = sourcecode.c.objc; path = PhotoModel.m; sourceTree = "<group>"; };
		64F4445C1CE1C451008D64DD /* TakePicCell.h */ = {isa = PBXFileReference; fileEncoding = 4; lastKnownFileType = sourcecode.c.h; path = TakePicCell.h; sourceTree = "<group>"; };
		64F4445D1CE1C451008D64DD /* TakePicCell.m */ = {isa = PBXFileReference; fileEncoding = 4; lastKnownFileType = sourcecode.c.objc; path = TakePicCell.m; sourceTree = "<group>"; };
		64F4445F1CE1C46E008D64DD /* PhotoTextCell.h */ = {isa = PBXFileReference; fileEncoding = 4; lastKnownFileType = sourcecode.c.h; path = PhotoTextCell.h; sourceTree = "<group>"; };
		64F444601CE1C46E008D64DD /* PhotoTextCell.m */ = {isa = PBXFileReference; fileEncoding = 4; lastKnownFileType = sourcecode.c.objc; path = PhotoTextCell.m; sourceTree = "<group>"; };
		64F444631CE1EE92008D64DD /* MKAnnotationView+WebCache.h */ = {isa = PBXFileReference; fileEncoding = 4; lastKnownFileType = sourcecode.c.h; path = "MKAnnotationView+WebCache.h"; sourceTree = "<group>"; };
		64F444641CE1EE92008D64DD /* MKAnnotationView+WebCache.m */ = {isa = PBXFileReference; fileEncoding = 4; lastKnownFileType = sourcecode.c.objc; path = "MKAnnotationView+WebCache.m"; sourceTree = "<group>"; };
		64F444651CE1EE92008D64DD /* NSData+ImageContentType.h */ = {isa = PBXFileReference; fileEncoding = 4; lastKnownFileType = sourcecode.c.h; path = "NSData+ImageContentType.h"; sourceTree = "<group>"; };
		64F444661CE1EE92008D64DD /* NSData+ImageContentType.m */ = {isa = PBXFileReference; fileEncoding = 4; lastKnownFileType = sourcecode.c.objc; path = "NSData+ImageContentType.m"; sourceTree = "<group>"; };
		64F444671CE1EE92008D64DD /* SDImageCache.h */ = {isa = PBXFileReference; fileEncoding = 4; lastKnownFileType = sourcecode.c.h; path = SDImageCache.h; sourceTree = "<group>"; };
		64F444681CE1EE92008D64DD /* SDImageCache.m */ = {isa = PBXFileReference; fileEncoding = 4; lastKnownFileType = sourcecode.c.objc; path = SDImageCache.m; sourceTree = "<group>"; };
		64F444691CE1EE92008D64DD /* SDWebImageCompat.h */ = {isa = PBXFileReference; fileEncoding = 4; lastKnownFileType = sourcecode.c.h; path = SDWebImageCompat.h; sourceTree = "<group>"; };
		64F4446A1CE1EE92008D64DD /* SDWebImageCompat.m */ = {isa = PBXFileReference; fileEncoding = 4; lastKnownFileType = sourcecode.c.objc; path = SDWebImageCompat.m; sourceTree = "<group>"; };
		64F4446B1CE1EE92008D64DD /* SDWebImageDecoder.h */ = {isa = PBXFileReference; fileEncoding = 4; lastKnownFileType = sourcecode.c.h; path = SDWebImageDecoder.h; sourceTree = "<group>"; };
		64F4446C1CE1EE92008D64DD /* SDWebImageDecoder.m */ = {isa = PBXFileReference; fileEncoding = 4; lastKnownFileType = sourcecode.c.objc; path = SDWebImageDecoder.m; sourceTree = "<group>"; };
		64F4446D1CE1EE92008D64DD /* SDWebImageDownloader.h */ = {isa = PBXFileReference; fileEncoding = 4; lastKnownFileType = sourcecode.c.h; path = SDWebImageDownloader.h; sourceTree = "<group>"; };
		64F4446E1CE1EE92008D64DD /* SDWebImageDownloader.m */ = {isa = PBXFileReference; fileEncoding = 4; lastKnownFileType = sourcecode.c.objc; path = SDWebImageDownloader.m; sourceTree = "<group>"; };
		64F4446F1CE1EE92008D64DD /* SDWebImageDownloaderOperation.h */ = {isa = PBXFileReference; fileEncoding = 4; lastKnownFileType = sourcecode.c.h; path = SDWebImageDownloaderOperation.h; sourceTree = "<group>"; };
		64F444701CE1EE92008D64DD /* SDWebImageDownloaderOperation.m */ = {isa = PBXFileReference; fileEncoding = 4; lastKnownFileType = sourcecode.c.objc; path = SDWebImageDownloaderOperation.m; sourceTree = "<group>"; };
		64F444711CE1EE92008D64DD /* SDWebImageManager.h */ = {isa = PBXFileReference; fileEncoding = 4; lastKnownFileType = sourcecode.c.h; path = SDWebImageManager.h; sourceTree = "<group>"; };
		64F444721CE1EE92008D64DD /* SDWebImageManager.m */ = {isa = PBXFileReference; fileEncoding = 4; lastKnownFileType = sourcecode.c.objc; path = SDWebImageManager.m; sourceTree = "<group>"; };
		64F444731CE1EE92008D64DD /* SDWebImageOperation.h */ = {isa = PBXFileReference; fileEncoding = 4; lastKnownFileType = sourcecode.c.h; path = SDWebImageOperation.h; sourceTree = "<group>"; };
		64F444741CE1EE92008D64DD /* SDWebImagePrefetcher.h */ = {isa = PBXFileReference; fileEncoding = 4; lastKnownFileType = sourcecode.c.h; path = SDWebImagePrefetcher.h; sourceTree = "<group>"; };
		64F444751CE1EE92008D64DD /* SDWebImagePrefetcher.m */ = {isa = PBXFileReference; fileEncoding = 4; lastKnownFileType = sourcecode.c.objc; path = SDWebImagePrefetcher.m; sourceTree = "<group>"; };
		64F444761CE1EE92008D64DD /* UIButton+WebCache.h */ = {isa = PBXFileReference; fileEncoding = 4; lastKnownFileType = sourcecode.c.h; path = "UIButton+WebCache.h"; sourceTree = "<group>"; };
		64F444771CE1EE92008D64DD /* UIButton+WebCache.m */ = {isa = PBXFileReference; fileEncoding = 4; lastKnownFileType = sourcecode.c.objc; path = "UIButton+WebCache.m"; sourceTree = "<group>"; };
		64F444781CE1EE92008D64DD /* UIImage+GIF.h */ = {isa = PBXFileReference; fileEncoding = 4; lastKnownFileType = sourcecode.c.h; path = "UIImage+GIF.h"; sourceTree = "<group>"; };
		64F444791CE1EE92008D64DD /* UIImage+GIF.m */ = {isa = PBXFileReference; fileEncoding = 4; lastKnownFileType = sourcecode.c.objc; path = "UIImage+GIF.m"; sourceTree = "<group>"; };
		64F4447A1CE1EE92008D64DD /* UIImage+MultiFormat.h */ = {isa = PBXFileReference; fileEncoding = 4; lastKnownFileType = sourcecode.c.h; path = "UIImage+MultiFormat.h"; sourceTree = "<group>"; };
		64F4447B1CE1EE92008D64DD /* UIImage+MultiFormat.m */ = {isa = PBXFileReference; fileEncoding = 4; lastKnownFileType = sourcecode.c.objc; path = "UIImage+MultiFormat.m"; sourceTree = "<group>"; };
		64F4447C1CE1EE92008D64DD /* UIImage+WebP.h */ = {isa = PBXFileReference; fileEncoding = 4; lastKnownFileType = sourcecode.c.h; path = "UIImage+WebP.h"; sourceTree = "<group>"; };
		64F4447D1CE1EE92008D64DD /* UIImage+WebP.m */ = {isa = PBXFileReference; fileEncoding = 4; lastKnownFileType = sourcecode.c.objc; path = "UIImage+WebP.m"; sourceTree = "<group>"; };
		64F4447E1CE1EE92008D64DD /* UIImageView+HighlightedWebCache.h */ = {isa = PBXFileReference; fileEncoding = 4; lastKnownFileType = sourcecode.c.h; path = "UIImageView+HighlightedWebCache.h"; sourceTree = "<group>"; };
		64F4447F1CE1EE92008D64DD /* UIImageView+HighlightedWebCache.m */ = {isa = PBXFileReference; fileEncoding = 4; lastKnownFileType = sourcecode.c.objc; path = "UIImageView+HighlightedWebCache.m"; sourceTree = "<group>"; };
		64F444801CE1EE92008D64DD /* UIImageView+WebCache.h */ = {isa = PBXFileReference; fileEncoding = 4; lastKnownFileType = sourcecode.c.h; path = "UIImageView+WebCache.h"; sourceTree = "<group>"; };
		64F444811CE1EE92008D64DD /* UIImageView+WebCache.m */ = {isa = PBXFileReference; fileEncoding = 4; lastKnownFileType = sourcecode.c.objc; path = "UIImageView+WebCache.m"; sourceTree = "<group>"; };
		64F444821CE1EE92008D64DD /* UIView+WebCacheOperation.h */ = {isa = PBXFileReference; fileEncoding = 4; lastKnownFileType = sourcecode.c.h; path = "UIView+WebCacheOperation.h"; sourceTree = "<group>"; };
		64F444831CE1EE92008D64DD /* UIView+WebCacheOperation.m */ = {isa = PBXFileReference; fileEncoding = 4; lastKnownFileType = sourcecode.c.objc; path = "UIView+WebCacheOperation.m"; sourceTree = "<group>"; };
		64F444941CE1EEF0008D64DD /* 1.jpg */ = {isa = PBXFileReference; lastKnownFileType = image.jpeg; path = 1.jpg; sourceTree = "<group>"; };
		64F444961CE207BC008D64DD /* ph_posted.png */ = {isa = PBXFileReference; lastKnownFileType = image.png; path = ph_posted.png; sourceTree = "<group>"; };
/* End PBXFileReference section */

/* Begin PBXFrameworksBuildPhase section */
		64F4441B1CE1B424008D64DD /* Frameworks */ = {
			isa = PBXFrameworksBuildPhase;
			buildActionMask = 2147483647;
			files = (
			);
			runOnlyForDeploymentPostprocessing = 0;
		};
		64F444341CE1B424008D64DD /* Frameworks */ = {
			isa = PBXFrameworksBuildPhase;
			buildActionMask = 2147483647;
			files = (
			);
			runOnlyForDeploymentPostprocessing = 0;
		};
		64F4443F1CE1B424008D64DD /* Frameworks */ = {
			isa = PBXFrameworksBuildPhase;
			buildActionMask = 2147483647;
			files = (
			);
			runOnlyForDeploymentPostprocessing = 0;
		};
/* End PBXFrameworksBuildPhase section */

/* Begin PBXGroup section */
		6454409D1D58870E00E0A02D /* PhotoDisplayer */ = {
			isa = PBXGroup;
			children = (
				6454409E1D58870E00E0A02D /* PhotoDisplayController.h */,
				6454409F1D58870E00E0A02D /* PhotoDisplayController.m */,
				645440A01D58870E00E0A02D /* PhotoImageView.h */,
				645440A11D58870E00E0A02D /* PhotoImageView.m */,
			);
			path = PhotoDisplayer;
			sourceTree = "<group>";
		};
		64F444151CE1B424008D64DD = {
			isa = PBXGroup;
			children = (
				64F444201CE1B424008D64DD /* Photodisplay */,
				64F4443A1CE1B424008D64DD /* PhotodisplayTests */,
				64F444451CE1B424008D64DD /* PhotodisplayUITests */,
				64F4441F1CE1B424008D64DD /* Products */,
			);
			sourceTree = "<group>";
		};
		64F4441F1CE1B424008D64DD /* Products */ = {
			isa = PBXGroup;
			children = (
				64F4441E1CE1B424008D64DD /* Photodisplay.app */,
				64F444371CE1B424008D64DD /* PhotodisplayTests.xctest */,
				64F444421CE1B424008D64DD /* PhotodisplayUITests.xctest */,
			);
			name = Products;
			sourceTree = "<group>";
		};
		64F444201CE1B424008D64DD /* Photodisplay */ = {
			isa = PBXGroup;
			children = (
				6454409D1D58870E00E0A02D /* PhotoDisplayer */,
				64F444621CE1EE92008D64DD /* SDWebImage */,
				64F444241CE1B424008D64DD /* AppDelegate.h */,
				64F444251CE1B424008D64DD /* AppDelegate.m */,
				64F444271CE1B424008D64DD /* ViewController.h */,
				64F444281CE1B424008D64DD /* ViewController.m */,
				64F444561CE1B907008D64DD /* PhotoCell.h */,
				64F444571CE1B907008D64DD /* PhotoCell.m */,
				64F4445C1CE1C451008D64DD /* TakePicCell.h */,
				64F4445D1CE1C451008D64DD /* TakePicCell.m */,
				64F4445F1CE1C46E008D64DD /* PhotoTextCell.h */,
				64F444601CE1C46E008D64DD /* PhotoTextCell.m */,
				64F444591CE1BD9F008D64DD /* PhotoModel.h */,
				64F4445A1CE1BD9F008D64DD /* PhotoModel.m */,
				64F444541CE1B444008D64DD /* test.plist */,
				64F4442A1CE1B424008D64DD /* Main.storyboard */,
				64F4442D1CE1B424008D64DD /* Assets.xcassets */,
				64F4442F1CE1B424008D64DD /* LaunchScreen.storyboard */,
				64F444321CE1B424008D64DD /* Info.plist */,
				64F444211CE1B424008D64DD /* Supporting Files */,
			);
			path = Photodisplay;
			sourceTree = "<group>";
		};
		64F444211CE1B424008D64DD /* Supporting Files */ = {
			isa = PBXGroup;
			children = (
				64F444221CE1B424008D64DD /* main.m */,
			);
			name = "Supporting Files";
			sourceTree = "<group>";
		};
		64F4443A1CE1B424008D64DD /* PhotodisplayTests */ = {
			isa = PBXGroup;
			children = (
				64F4443B1CE1B424008D64DD /* PhotodisplayTests.m */,
				64F4443D1CE1B424008D64DD /* Info.plist */,
			);
			path = PhotodisplayTests;
			sourceTree = "<group>";
		};
		64F444451CE1B424008D64DD /* PhotodisplayUITests */ = {
			isa = PBXGroup;
			children = (
				64F444461CE1B424008D64DD /* PhotodisplayUITests.m */,
				64F444481CE1B424008D64DD /* Info.plist */,
			);
			path = PhotodisplayUITests;
			sourceTree = "<group>";
		};
		64F444621CE1EE92008D64DD /* SDWebImage */ = {
			isa = PBXGroup;
			children = (
				64F444961CE207BC008D64DD /* ph_posted.png */,
				64F444941CE1EEF0008D64DD /* 1.jpg */,
				64F444631CE1EE92008D64DD /* MKAnnotationView+WebCache.h */,
				64F444641CE1EE92008D64DD /* MKAnnotationView+WebCache.m */,
				64F444651CE1EE92008D64DD /* NSData+ImageContentType.h */,
				64F444661CE1EE92008D64DD /* NSData+ImageContentType.m */,
				64F444671CE1EE92008D64DD /* SDImageCache.h */,
				64F444681CE1EE92008D64DD /* SDImageCache.m */,
				64F444691CE1EE92008D64DD /* SDWebImageCompat.h */,
				64F4446A1CE1EE92008D64DD /* SDWebImageCompat.m */,
				64F4446B1CE1EE92008D64DD /* SDWebImageDecoder.h */,
				64F4446C1CE1EE92008D64DD /* SDWebImageDecoder.m */,
				64F4446D1CE1EE92008D64DD /* SDWebImageDownloader.h */,
				64F4446E1CE1EE92008D64DD /* SDWebImageDownloader.m */,
				64F4446F1CE1EE92008D64DD /* SDWebImageDownloaderOperation.h */,
				64F444701CE1EE92008D64DD /* SDWebImageDownloaderOperation.m */,
				64F444711CE1EE92008D64DD /* SDWebImageManager.h */,
				64F444721CE1EE92008D64DD /* SDWebImageManager.m */,
				64F444731CE1EE92008D64DD /* SDWebImageOperation.h */,
				64F444741CE1EE92008D64DD /* SDWebImagePrefetcher.h */,
				64F444751CE1EE92008D64DD /* SDWebImagePrefetcher.m */,
				64F444761CE1EE92008D64DD /* UIButton+WebCache.h */,
				64F444771CE1EE92008D64DD /* UIButton+WebCache.m */,
				64F444781CE1EE92008D64DD /* UIImage+GIF.h */,
				64F444791CE1EE92008D64DD /* UIImage+GIF.m */,
				64F4447A1CE1EE92008D64DD /* UIImage+MultiFormat.h */,
				64F4447B1CE1EE92008D64DD /* UIImage+MultiFormat.m */,
				64F4447C1CE1EE92008D64DD /* UIImage+WebP.h */,
				64F4447D1CE1EE92008D64DD /* UIImage+WebP.m */,
				64F4447E1CE1EE92008D64DD /* UIImageView+HighlightedWebCache.h */,
				64F4447F1CE1EE92008D64DD /* UIImageView+HighlightedWebCache.m */,
				64F444801CE1EE92008D64DD /* UIImageView+WebCache.h */,
				64F444811CE1EE92008D64DD /* UIImageView+WebCache.m */,
				64F444821CE1EE92008D64DD /* UIView+WebCacheOperation.h */,
				64F444831CE1EE92008D64DD /* UIView+WebCacheOperation.m */,
			);
			path = SDWebImage;
			sourceTree = "<group>";
		};
/* End PBXGroup section */

/* Begin PBXNativeTarget section */
		64F4441D1CE1B424008D64DD /* Photodisplay */ = {
			isa = PBXNativeTarget;
			buildConfigurationList = 64F4444B1CE1B424008D64DD /* Build configuration list for PBXNativeTarget "Photodisplay" */;
			buildPhases = (
				64F4441A1CE1B424008D64DD /* Sources */,
				64F4441B1CE1B424008D64DD /* Frameworks */,
				64F4441C1CE1B424008D64DD /* Resources */,
			);
			buildRules = (
			);
			dependencies = (
			);
			name = Photodisplay;
			productName = Photodisplay;
			productReference = 64F4441E1CE1B424008D64DD /* Photodisplay.app */;
			productType = "com.apple.product-type.application";
		};
		64F444361CE1B424008D64DD /* PhotodisplayTests */ = {
			isa = PBXNativeTarget;
			buildConfigurationList = 64F4444E1CE1B424008D64DD /* Build configuration list for PBXNativeTarget "PhotodisplayTests" */;
			buildPhases = (
				64F444331CE1B424008D64DD /* Sources */,
				64F444341CE1B424008D64DD /* Frameworks */,
				64F444351CE1B424008D64DD /* Resources */,
			);
			buildRules = (
			);
			dependencies = (
				64F444391CE1B424008D64DD /* PBXTargetDependency */,
			);
			name = PhotodisplayTests;
			productName = PhotodisplayTests;
			productReference = 64F444371CE1B424008D64DD /* PhotodisplayTests.xctest */;
			productType = "com.apple.product-type.bundle.unit-test";
		};
		64F444411CE1B424008D64DD /* PhotodisplayUITests */ = {
			isa = PBXNativeTarget;
			buildConfigurationList = 64F444511CE1B424008D64DD /* Build configuration list for PBXNativeTarget "PhotodisplayUITests" */;
			buildPhases = (
				64F4443E1CE1B424008D64DD /* Sources */,
				64F4443F1CE1B424008D64DD /* Frameworks */,
				64F444401CE1B424008D64DD /* Resources */,
			);
			buildRules = (
			);
			dependencies = (
				64F444441CE1B424008D64DD /* PBXTargetDependency */,
			);
			name = PhotodisplayUITests;
			productName = PhotodisplayUITests;
			productReference = 64F444421CE1B424008D64DD /* PhotodisplayUITests.xctest */;
			productType = "com.apple.product-type.bundle.ui-testing";
		};
/* End PBXNativeTarget section */

/* Begin PBXProject section */
		64F444161CE1B424008D64DD /* Project object */ = {
			isa = PBXProject;
			attributes = {
				LastUpgradeCheck = 0720;
				ORGANIZATIONNAME = apple2015;
				TargetAttributes = {
					64F4441D1CE1B424008D64DD = {
						CreatedOnToolsVersion = 7.2;
					};
					64F444361CE1B424008D64DD = {
						CreatedOnToolsVersion = 7.2;
						TestTargetID = 64F4441D1CE1B424008D64DD;
					};
					64F444411CE1B424008D64DD = {
						CreatedOnToolsVersion = 7.2;
						TestTargetID = 64F4441D1CE1B424008D64DD;
					};
				};
			};
			buildConfigurationList = 64F444191CE1B424008D64DD /* Build configuration list for PBXProject "Photodisplay" */;
			compatibilityVersion = "Xcode 3.2";
			developmentRegion = English;
			hasScannedForEncodings = 0;
			knownRegions = (
				en,
				Base,
			);
			mainGroup = 64F444151CE1B424008D64DD;
			productRefGroup = 64F4441F1CE1B424008D64DD /* Products */;
			projectDirPath = "";
			projectRoot = "";
			targets = (
				64F4441D1CE1B424008D64DD /* Photodisplay */,
				64F444361CE1B424008D64DD /* PhotodisplayTests */,
				64F444411CE1B424008D64DD /* PhotodisplayUITests */,
			);
		};
/* End PBXProject section */

/* Begin PBXResourcesBuildPhase section */
		64F4441C1CE1B424008D64DD /* Resources */ = {
			isa = PBXResourcesBuildPhase;
			buildActionMask = 2147483647;
			files = (
				64F444551CE1B444008D64DD /* test.plist in Resources */,
				64F444311CE1B424008D64DD /* LaunchScreen.storyboard in Resources */,
				64F4442E1CE1B424008D64DD /* Assets.xcassets in Resources */,
				64F4442C1CE1B424008D64DD /* Main.storyboard in Resources */,
				64F444971CE207BC008D64DD /* ph_posted.png in Resources */,
				64F444951CE1EEF0008D64DD /* 1.jpg in Resources */,
			);
			runOnlyForDeploymentPostprocessing = 0;
		};
		64F444351CE1B424008D64DD /* Resources */ = {
			isa = PBXResourcesBuildPhase;
			buildActionMask = 2147483647;
			files = (
			);
			runOnlyForDeploymentPostprocessing = 0;
		};
		64F444401CE1B424008D64DD /* Resources */ = {
			isa = PBXResourcesBuildPhase;
			buildActionMask = 2147483647;
			files = (
			);
			runOnlyForDeploymentPostprocessing = 0;
		};
/* End PBXResourcesBuildPhase section */

/* Begin PBXSourcesBuildPhase section */
		64F4441A1CE1B424008D64DD /* Sources */ = {
			isa = PBXSourcesBuildPhase;
			buildActionMask = 2147483647;
			files = (
				64F444921CE1EE92008D64DD /* UIImageView+WebCache.m in Sources */,
				64F4448E1CE1EE92008D64DD /* UIImage+GIF.m in Sources */,
				64F444871CE1EE92008D64DD /* SDWebImageCompat.m in Sources */,
				64F4448D1CE1EE92008D64DD /* UIButton+WebCache.m in Sources */,
				64F4448F1CE1EE92008D64DD /* UIImage+MultiFormat.m in Sources */,
				64F4448C1CE1EE92008D64DD /* SDWebImagePrefetcher.m in Sources */,
				64F444581CE1B907008D64DD /* PhotoCell.m in Sources */,
				645440A21D58870E00E0A02D /* PhotoDisplayController.m in Sources */,
				64F444931CE1EE92008D64DD /* UIView+WebCacheOperation.m in Sources */,
				645440A31D58870E00E0A02D /* PhotoImageView.m in Sources */,
				64F444841CE1EE92008D64DD /* MKAnnotationView+WebCache.m in Sources */,
				64F444901CE1EE92008D64DD /* UIImage+WebP.m in Sources */,
				64F4445E1CE1C451008D64DD /* TakePicCell.m in Sources */,
				64F4448A1CE1EE92008D64DD /* SDWebImageDownloaderOperation.m in Sources */,
				64F444881CE1EE92008D64DD /* SDWebImageDecoder.m in Sources */,
				64F4445B1CE1BD9F008D64DD /* PhotoModel.m in Sources */,
				64F444911CE1EE92008D64DD /* UIImageView+HighlightedWebCache.m in Sources */,
				64F444851CE1EE92008D64DD /* NSData+ImageContentType.m in Sources */,
				64F444891CE1EE92008D64DD /* SDWebImageDownloader.m in Sources */,
				64F444291CE1B424008D64DD /* ViewController.m in Sources */,
				64F444261CE1B424008D64DD /* AppDelegate.m in Sources */,
				64F444611CE1C46E008D64DD /* PhotoTextCell.m in Sources */,
				64F4448B1CE1EE92008D64DD /* SDWebImageManager.m in Sources */,
				64F444231CE1B424008D64DD /* main.m in Sources */,
				64F444861CE1EE92008D64DD /* SDImageCache.m in Sources */,
			);
			runOnlyForDeploymentPostprocessing = 0;
		};
		64F444331CE1B424008D64DD /* Sources */ = {
			isa = PBXSourcesBuildPhase;
			buildActionMask = 2147483647;
			files = (
				64F4443C1CE1B424008D64DD /* PhotodisplayTests.m in Sources */,
			);
			runOnlyForDeploymentPostprocessing = 0;
		};
		64F4443E1CE1B424008D64DD /* Sources */ = {
			isa = PBXSourcesBuildPhase;
			buildActionMask = 2147483647;
			files = (
				64F444471CE1B424008D64DD /* PhotodisplayUITests.m in Sources */,
			);
			runOnlyForDeploymentPostprocessing = 0;
		};
/* End PBXSourcesBuildPhase section */

/* Begin PBXTargetDependency section */
		64F444391CE1B424008D64DD /* PBXTargetDependency */ = {
			isa = PBXTargetDependency;
			target = 64F4441D1CE1B424008D64DD /* Photodisplay */;
			targetProxy = 64F444381CE1B424008D64DD /* PBXContainerItemProxy */;
		};
		64F444441CE1B424008D64DD /* PBXTargetDependency */ = {
			isa = PBXTargetDependency;
			target = 64F4441D1CE1B424008D64DD /* Photodisplay */;
			targetProxy = 64F444431CE1B424008D64DD /* PBXContainerItemProxy */;
		};
/* End PBXTargetDependency section */

/* Begin PBXVariantGroup section */
		64F4442A1CE1B424008D64DD /* Main.storyboard */ = {
			isa = PBXVariantGroup;
			children = (
				64F4442B1CE1B424008D64DD /* Base */,
			);
			name = Main.storyboard;
			sourceTree = "<group>";
		};
		64F4442F1CE1B424008D64DD /* LaunchScreen.storyboard */ = {
			isa = PBXVariantGroup;
			children = (
				64F444301CE1B424008D64DD /* Base */,
			);
			name = LaunchScreen.storyboard;
			sourceTree = "<group>";
		};
/* End PBXVariantGroup section */

/* Begin XCBuildConfiguration section */
		64F444491CE1B424008D64DD /* Debug */ = {
			isa = XCBuildConfiguration;
			buildSettings = {
				ALWAYS_SEARCH_USER_PATHS = NO;
				CLANG_CXX_LANGUAGE_STANDARD = "gnu++0x";
				CLANG_CXX_LIBRARY = "libc++";
				CLANG_ENABLE_MODULES = YES;
				CLANG_ENABLE_OBJC_ARC = YES;
				CLANG_WARN_BOOL_CONVERSION = YES;
				CLANG_WARN_CONSTANT_CONVERSION = YES;
				CLANG_WARN_DIRECT_OBJC_ISA_USAGE = YES_ERROR;
				CLANG_WARN_EMPTY_BODY = YES;
				CLANG_WARN_ENUM_CONVERSION = YES;
				CLANG_WARN_INT_CONVERSION = YES;
				CLANG_WARN_OBJC_ROOT_CLASS = YES_ERROR;
				CLANG_WARN_UNREACHABLE_CODE = YES;
				CLANG_WARN__DUPLICATE_METHOD_MATCH = YES;
				"CODE_SIGN_IDENTITY[sdk=iphoneos*]" = "iPhone Developer";
				COPY_PHASE_STRIP = NO;
				DEBUG_INFORMATION_FORMAT = dwarf;
				ENABLE_STRICT_OBJC_MSGSEND = YES;
				ENABLE_TESTABILITY = YES;
				GCC_C_LANGUAGE_STANDARD = gnu99;
				GCC_DYNAMIC_NO_PIC = NO;
				GCC_NO_COMMON_BLOCKS = YES;
				GCC_OPTIMIZATION_LEVEL = 0;
				GCC_PREPROCESSOR_DEFINITIONS = (
					"DEBUG=1",
					"$(inherited)",
				);
				GCC_WARN_64_TO_32_BIT_CONVERSION = YES;
				GCC_WARN_ABOUT_RETURN_TYPE = YES_ERROR;
				GCC_WARN_UNDECLARED_SELECTOR = YES;
				GCC_WARN_UNINITIALIZED_AUTOS = YES_AGGRESSIVE;
				GCC_WARN_UNUSED_FUNCTION = YES;
				GCC_WARN_UNUSED_VARIABLE = YES;
				IPHONEOS_DEPLOYMENT_TARGET = 9.2;
				MTL_ENABLE_DEBUG_INFO = YES;
				ONLY_ACTIVE_ARCH = YES;
				SDKROOT = iphoneos;
			};
			name = Debug;
		};
		64F4444A1CE1B424008D64DD /* Release */ = {
			isa = XCBuildConfiguration;
			buildSettings = {
				ALWAYS_SEARCH_USER_PATHS = NO;
				CLANG_CXX_LANGUAGE_STANDARD = "gnu++0x";
				CLANG_CXX_LIBRARY = "libc++";
				CLANG_ENABLE_MODULES = YES;
				CLANG_ENABLE_OBJC_ARC = YES;
				CLANG_WARN_BOOL_CONVERSION = YES;
				CLANG_WARN_CONSTANT_CONVERSION = YES;
				CLANG_WARN_DIRECT_OBJC_ISA_USAGE = YES_ERROR;
				CLANG_WARN_EMPTY_BODY = YES;
				CLANG_WARN_ENUM_CONVERSION = YES;
				CLANG_WARN_INT_CONVERSION = YES;
				CLANG_WARN_OBJC_ROOT_CLASS = YES_ERROR;
				CLANG_WARN_UNREACHABLE_CODE = YES;
				CLANG_WARN__DUPLICATE_METHOD_MATCH = YES;
				"CODE_SIGN_IDENTITY[sdk=iphoneos*]" = "iPhone Developer";
				COPY_PHASE_STRIP = NO;
				DEBUG_INFORMATION_FORMAT = "dwarf-with-dsym";
				ENABLE_NS_ASSERTIONS = NO;
				ENABLE_STRICT_OBJC_MSGSEND = YES;
				GCC_C_LANGUAGE_STANDARD = gnu99;
				GCC_NO_COMMON_BLOCKS = YES;
				GCC_WARN_64_TO_32_BIT_CONVERSION = YES;
				GCC_WARN_ABOUT_RETURN_TYPE = YES_ERROR;
				GCC_WARN_UNDECLARED_SELECTOR = YES;
				GCC_WARN_UNINITIALIZED_AUTOS = YES_AGGRESSIVE;
				GCC_WARN_UNUSED_FUNCTION = YES;
				GCC_WARN_UNUSED_VARIABLE = YES;
				IPHONEOS_DEPLOYMENT_TARGET = 9.2;
				MTL_ENABLE_DEBUG_INFO = NO;
				SDKROOT = iphoneos;
				VALIDATE_PRODUCT = YES;
			};
			name = Release;
		};
		64F4444C1CE1B424008D64DD /* Debug */ = {
			isa = XCBuildConfiguration;
			buildSettings = {
				ASSETCATALOG_COMPILER_APPICON_NAME = AppIcon;
				CODE_SIGN_IDENTITY = "iPhone Developer";
				ENABLE_BITCODE = NO;
				INFOPLIST_FILE = Photodisplay/Info.plist;
				LD_RUNPATH_SEARCH_PATHS = "$(inherited) @executable_path/Frameworks";
				PRODUCT_BUNDLE_IDENTIFIER = xunbao3.Photodisplay;
				PRODUCT_NAME = "$(TARGET_NAME)";
				PROVISIONING_PROFILE = "";
			};
			name = Debug;
		};
		64F4444D1CE1B424008D64DD /* Release */ = {
			isa = XCBuildConfiguration;
			buildSettings = {
				ASSETCATALOG_COMPILER_APPICON_NAME = AppIcon;
				CODE_SIGN_IDENTITY = "iPhone Developer";
				ENABLE_BITCODE = NO;
				INFOPLIST_FILE = Photodisplay/Info.plist;
				LD_RUNPATH_SEARCH_PATHS = "$(inherited) @executable_path/Frameworks";
				PRODUCT_BUNDLE_IDENTIFIER = xunbao3.Photodisplay;
				PRODUCT_NAME = "$(TARGET_NAME)";
				PROVISIONING_PROFILE = "";
			};
			name = Release;
		};
		64F4444F1CE1B424008D64DD /* Debug */ = {
			isa = XCBuildConfiguration;
			buildSettings = {
				BUNDLE_LOADER = "$(TEST_HOST)";
				INFOPLIST_FILE = PhotodisplayTests/Info.plist;
				LD_RUNPATH_SEARCH_PATHS = "$(inherited) @executable_path/Frameworks @loader_path/Frameworks";
				PRODUCT_BUNDLE_IDENTIFIER = xunbao.PhotodisplayTests;
				PRODUCT_NAME = "$(TARGET_NAME)";
				TEST_HOST = "$(BUILT_PRODUCTS_DIR)/Photodisplay.app/Photodisplay";
			};
			name = Debug;
		};
		64F444501CE1B424008D64DD /* Release */ = {
			isa = XCBuildConfiguration;
			buildSettings = {
				BUNDLE_LOADER = "$(TEST_HOST)";
				INFOPLIST_FILE = PhotodisplayTests/Info.plist;
				LD_RUNPATH_SEARCH_PATHS = "$(inherited) @executable_path/Frameworks @loader_path/Frameworks";
				PRODUCT_BUNDLE_IDENTIFIER = xunbao.PhotodisplayTests;
				PRODUCT_NAME = "$(TARGET_NAME)";
				TEST_HOST = "$(BUILT_PRODUCTS_DIR)/Photodisplay.app/Photodisplay";
			};
			name = Release;
		};
		64F444521CE1B424008D64DD /* Debug */ = {
			isa = XCBuildConfiguration;
			buildSettings = {
				INFOPLIST_FILE = PhotodisplayUITests/Info.plist;
				LD_RUNPATH_SEARCH_PATHS = "$(inherited) @executable_path/Frameworks @loader_path/Frameworks";
				PRODUCT_BUNDLE_IDENTIFIER = xunbao.PhotodisplayUITests;
				PRODUCT_NAME = "$(TARGET_NAME)";
				TEST_TARGET_NAME = Photodisplay;
				USES_XCTRUNNER = YES;
			};
			name = Debug;
		};
		64F444531CE1B424008D64DD /* Release */ = {
			isa = XCBuildConfiguration;
			buildSettings = {
				INFOPLIST_FILE = PhotodisplayUITests/Info.plist;
				LD_RUNPATH_SEARCH_PATHS = "$(inherited) @executable_path/Frameworks @loader_path/Frameworks";
				PRODUCT_BUNDLE_IDENTIFIER = xunbao.PhotodisplayUITests;
				PRODUCT_NAME = "$(TARGET_NAME)";
				TEST_TARGET_NAME = Photodisplay;
				USES_XCTRUNNER = YES;
			};
			name = Release;
		};
/* End XCBuildConfiguration section */

/* Begin XCConfigurationList section */
		64F444191CE1B424008D64DD /* Build configuration list for PBXProject "Photodisplay" */ = {
			isa = XCConfigurationList;
			buildConfigurations = (
				64F444491CE1B424008D64DD /* Debug */,
				64F4444A1CE1B424008D64DD /* Release */,
			);
			defaultConfigurationIsVisible = 0;
			defaultConfigurationName = Release;
		};
		64F4444B1CE1B424008D64DD /* Build configuration list for PBXNativeTarget "Photodisplay" */ = {
			isa = XCConfigurationList;
			buildConfigurations = (
				64F4444C1CE1B424008D64DD /* Debug */,
				64F4444D1CE1B424008D64DD /* Release */,
			);
			defaultConfigurationIsVisible = 0;
			defaultConfigurationName = Release;
		};
		64F4444E1CE1B424008D64DD /* Build configuration list for PBXNativeTarget "PhotodisplayTests" */ = {
			isa = XCConfigurationList;
			buildConfigurations = (
				64F4444F1CE1B424008D64DD /* Debug */,
				64F444501CE1B424008D64DD /* Release */,
			);
			defaultConfigurationIsVisible = 0;
			defaultConfigurationName = Release;
		};
		64F444511CE1B424008D64DD /* Build configuration list for PBXNativeTarget "PhotodisplayUITests" */ = {
			isa = XCConfigurationList;
			buildConfigurations = (
				64F444521CE1B424008D64DD /* Debug */,
				64F444531CE1B424008D64DD /* Release */,
			);
			defaultConfigurationIsVisible = 0;
			defaultConfigurationName = Release;
		};
/* End XCConfigurationList section */
	};
	rootObject = 64F444161CE1B424008D64DD /* Project object */;
}
